# DO NOT EDIT MANUALLY - Managed by Fern Replay
version: "1.0"
generations:
  - commit_sha: 93fd7063699edbf599967cbed5ad90943ff88a16
    tree_hash: d5b581e2c9d613d0e58a943f536b03d2eff02f39
    timestamp: 2026-05-19T23:19:48.346Z
    cli_version: unknown
    generator_versions: {}
  - commit_sha: d9d1ea8e33820dc82ac6241ea80ca1aa60d5eca0
    tree_hash: 8841ae3ff048873fd5efd7151adab187c2687980
    timestamp: 2026-08-18T19:31:13.302Z
    cli_version: unknown
    generator_versions:
      fernapi/fern-java-sdk: 4.8.4
  - commit_sha: e296916f2e3ace45c8c47dc725cbb525c94a22b7
    tree_hash: 7a43c1e06e9f46a06057277b3f8d2726ad679f12
    timestamp: 2026-08-31T20:30:35.434Z
    cli_version: unknown
    generator_versions:
      fernapi/fern-java-sdk: 4.8.4
  - commit_sha: 0ed78dd1a3c4a70635cb29def9f461322f6937bc
    tree_hash: 68b8f9f37298586f572e3a7ce732e8c6f9e48b72
    timestamp: 2026-09-03T18:10:23.697Z
    cli_version: unknown
    generator_versions:
      fernapi/fern-java-sdk: 4.8.4
current_generation: 0ed78dd1a3c4a70635cb29def9f461322f6937bc
patches: []
