# DO NOT EDIT MANUALLY - Managed by Fern Replay
version: "1.0"
generations:
  - commit_sha: 93fd7063699edbf599967cbed5ad90943ff88a16
    tree_hash: d5b581e2c9d613d0e58a943f536b03d2eff02f39
    timestamp: 2026-05-19T23:19:48.346Z
    cli_version: unknown
    generator_versions: {}
current_generation: 93fd7063699edbf599967cbed5ad90943ff88a16
patches: []
